
Microsoft Visual Studio Solution File, Format Version 12.00
# Visual Studio Version 16
VisualStudioVersion = 16.0.30611.23
MinimumVisualStudioVersion = 10.0.40219.1
Project("{2150E333-8FDC-42A3-9474-1A3956D46DE8}") = "MicroServices", "MicroServices", "{BCAA0F22-AF18-46D8-A9FD-317AD44E1E9B}"
EndProject
Project("{2150E333-8FDC-42A3-9474-1A3956D46DE8}") = "Domain", "Domain", "{0DB3B89E-ACFF-478F-A1A8-A2B6938F4429}"
EndProject
Project("{2150E333-8FDC-42A3-9474-1A3956D46DE8}") = "Infra.BUs", "Infra.BUs", "{B79CCC28-E449-4C5E-B102-AC22BC75C01D}"
EndProject
Project("{2150E333-8FDC-42A3-9474-1A3956D46DE8}") = "Infra.Ioc", "Infra.Ioc", "{E74F527E-F767-46AA-B834-F044E31CDBD2}"
EndProject
Project("{2150E333-8FDC-42A3-9474-1A3956D46DE8}") = "Presentation", "Presentation", "{D3367644-C825-4561-B7ED-A1820C1C4D60}"
EndProject
Project("{9A19103F-16F7-4668-BE54-9A1E7A4F7556}") = "MicroRabbit.Domain.Core", "MicroRabbit.Domain.Core\MicroRabbit.Domain.Core.csproj", "{15483D38-8DC9-444D-B1DE-2DCE4EEE9214}"
EndProject
Project("{9A19103F-16F7-4668-BE54-9A1E7A4F7556}") = "Microsoft.Rabbit.Infra.Bus", "Microsoft.Rabbit.Infra.Bus\Microsoft.Rabbit.Infra.Bus.csproj", "{A832DB7C-C825-4704-AE3F-542B803D764F}"
EndProject
Project("{9A19103F-16F7-4668-BE54-9A1E7A4F7556}") = "MicroRabbit.Infra.IoC", "MicroRabbit.Infra.IoC\MicroRabbit.Infra.IoC.csproj", "{F6AE0ACE-7426-452C-A673-E3789315DE0C}"
EndProject
Project("{2150E333-8FDC-42A3-9474-1A3956D46DE8}") = "Banking", "Banking", "{BA57DCA2-16C4-4AAA-BEA4-D9497AEB303B}"
EndProject
Project("{2150E333-8FDC-42A3-9474-1A3956D46DE8}") = "APi", "APi", "{F9CE66F7-6239-4220-B67D-F1B21DE0BC65}"
EndProject
Project("{2150E333-8FDC-42A3-9474-1A3956D46DE8}") = "Domain", "Domain", "{124F1FCE-2D37-4660-8784-1958724BDD58}"
EndProject
Project("{2150E333-8FDC-42A3-9474-1A3956D46DE8}") = "Application", "Application", "{8BC6046B-5EA6-4D92-B794-07871AA7C152}"
EndProject
Project("{2150E333-8FDC-42A3-9474-1A3956D46DE8}") = "Data", "Data", "{552729F9-DE72-477E-9650-2F940EA6B001}"
EndProject
Project("{9A19103F-16F7-4668-BE54-9A1E7A4F7556}") = "MicroRabbit.Baking.Api", "MicroRabbit.Baking.Api\MicroRabbit.Baking.Api.csproj", "{67562025-C1A0-4B76-A4E3-D59A06F63FE6}"
EndProject
Project("{9A19103F-16F7-4668-BE54-9A1E7A4F7556}") = "MicroRabbit.Banking.Applicatrion", "MicroRabbit.Banking.Applicatrion\MicroRabbit.Banking.Applicatrion.csproj", "{72F66126-7A03-4E8D-B0DF-8622846AAD80}"
EndProject
Project("{9A19103F-16F7-4668-BE54-9A1E7A4F7556}") = "MIcrosoft.Banking.Data", "MIcrosoft.Banking.Data\MIcrosoft.Banking.Data.csproj", "{0FF3CBC9-A7BE-4FB6-9FCF-C725A4A41E14}"
EndProject
Project("{9A19103F-16F7-4668-BE54-9A1E7A4F7556}") = "MicroRabbit.Banking.Domain", "MicroRabbit.Banking.Domain\MicroRabbit.Banking.Domain.csproj", "{755C7EAE-C20C-4FBB-BD61-C5D61A29C5C2}"
EndProject
Project("{2150E333-8FDC-42A3-9474-1A3956D46DE8}") = "Transfer", "Transfer", "{09A3EA4D-8E67-4CF9-ABF4-F38D2ABADD77}"
EndProject
Project("{2150E333-8FDC-42A3-9474-1A3956D46DE8}") = "Api", "Api", "{216DB45A-DD2E-412E-B076-EBEA2C43A5B5}"
EndProject
Project("{2150E333-8FDC-42A3-9474-1A3956D46DE8}") = "Application", "Application", "{7E1DE104-E9F1-44C6-857F-3C9AF7EBFCCC}"
EndProject
Project("{2150E333-8FDC-42A3-9474-1A3956D46DE8}") = "Data", "Data", "{F862A2E0-BB9D-4B29-9B27-6E54506686F0}"
EndProject
Project("{2150E333-8FDC-42A3-9474-1A3956D46DE8}") = "Domain", "Domain", "{61C5B26A-47A9-4128-BEE1-61CABB6E968C}"
EndProject
Project("{FAE04EC0-301F-11D3-BF4B-00C04F79EFBC}") = "MicroRabbit.Transfer.Api", "MicroRabbit.Transfer.Api\MicroRabbit.Transfer.Api.csproj", "{5BEEB9A8-3455-46E7-9D84-29CC65C5D49A}"
EndProject
Project("{FAE04EC0-301F-11D3-BF4B-00C04F79EFBC}") = "MicroRabbit.Transfer.Application", "MicroRabbit.Transfer.Application\MicroRabbit.Transfer.Application.csproj", "{1B82471A-950E-4BB1-8023-5ECCC081027C}"
EndProject
Project("{FAE04EC0-301F-11D3-BF4B-00C04F79EFBC}") = "MicroRabbit.Transfer.Domain", "MicroRabbit.Transfer.Domain\MicroRabbit.Transfer.Domain.csproj", "{F3AF4D0A-2320-421E-9317-F93699FADF43}"
EndProject
Project("{FAE04EC0-301F-11D3-BF4B-00C04F79EFBC}") = "MicroRabbit.Transfer.Data", "MicroRabbit.Transfer.Data\MicroRabbit.Transfer.Data.csproj", "{A1CADBF1-20D4-49D1-9CDD-21CDD9AF145E}"
EndProject
Global
	GlobalSection(SolutionConfigurationPlatforms) = preSolution
		Debug|Any CPU = Debug|Any CPU
		Release|Any CPU = Release|Any CPU
	EndGlobalSection
	GlobalSection(ProjectConfigurationPlatforms) = postSolution
		{15483D38-8DC9-444D-B1DE-2DCE4EEE9214}.Debug|Any CPU.ActiveCfg = Debug|Any CPU
		{15483D38-8DC9-444D-B1DE-2DCE4EEE9214}.Debug|Any CPU.Build.0 = Debug|Any CPU
		{15483D38-8DC9-444D-B1DE-2DCE4EEE9214}.Release|Any CPU.ActiveCfg = Release|Any CPU
		{15483D38-8DC9-444D-B1DE-2DCE4EEE9214}.Release|Any CPU.Build.0 = Release|Any CPU
		{A832DB7C-C825-4704-AE3F-542B803D764F}.Debug|Any CPU.ActiveCfg = Debug|Any CPU
		{A832DB7C-C825-4704-AE3F-542B803D764F}.Debug|Any CPU.Build.0 = Debug|Any CPU
		{A832DB7C-C825-4704-AE3F-542B803D764F}.Release|Any CPU.ActiveCfg = Release|Any CPU
		{A832DB7C-C825-4704-AE3F-542B803D764F}.Release|Any CPU.Build.0 = Release|Any CPU
		{F6AE0ACE-7426-452C-A673-E3789315DE0C}.Debug|Any CPU.ActiveCfg = Debug|Any CPU
		{F6AE0ACE-7426-452C-A673-E3789315DE0C}.Debug|Any CPU.Build.0 = Debug|Any CPU
		{F6AE0ACE-7426-452C-A673-E3789315DE0C}.Release|Any CPU.ActiveCfg = Release|Any CPU
		{F6AE0ACE-7426-452C-A673-E3789315DE0C}.Release|Any CPU.Build.0 = Release|Any CPU
		{67562025-C1A0-4B76-A4E3-D59A06F63FE6}.Debug|Any CPU.ActiveCfg = Debug|Any CPU
		{67562025-C1A0-4B76-A4E3-D59A06F63FE6}.Debug|Any CPU.Build.0 = Debug|Any CPU
		{67562025-C1A0-4B76-A4E3-D59A06F63FE6}.Release|Any CPU.ActiveCfg = Release|Any CPU
		{67562025-C1A0-4B76-A4E3-D59A06F63FE6}.Release|Any CPU.Build.0 = Release|Any CPU
		{72F66126-7A03-4E8D-B0DF-8622846AAD80}.Debug|Any CPU.ActiveCfg = Debug|Any CPU
		{72F66126-7A03-4E8D-B0DF-8622846AAD80}.Debug|Any CPU.Build.0 = Debug|Any CPU
		{72F66126-7A03-4E8D-B0DF-8622846AAD80}.Release|Any CPU.ActiveCfg = Release|Any CPU
		{72F66126-7A03-4E8D-B0DF-8622846AAD80}.Release|Any CPU.Build.0 = Release|Any CPU
		{0FF3CBC9-A7BE-4FB6-9FCF-C725A4A41E14}.Debug|Any CPU.ActiveCfg = Debug|Any CPU
		{0FF3CBC9-A7BE-4FB6-9FCF-C725A4A41E14}.Debug|Any CPU.Build.0 = Debug|Any CPU
		{0FF3CBC9-A7BE-4FB6-9FCF-C725A4A41E14}.Release|Any CPU.ActiveCfg = Release|Any CPU
		{0FF3CBC9-A7BE-4FB6-9FCF-C725A4A41E14}.Release|Any CPU.Build.0 = Release|Any CPU
		{755C7EAE-C20C-4FBB-BD61-C5D61A29C5C2}.Debug|Any CPU.ActiveCfg = Debug|Any CPU
		{755C7EAE-C20C-4FBB-BD61-C5D61A29C5C2}.Debug|Any CPU.Build.0 = Debug|Any CPU
		{755C7EAE-C20C-4FBB-BD61-C5D61A29C5C2}.Release|Any CPU.ActiveCfg = Release|Any CPU
		{755C7EAE-C20C-4FBB-BD61-C5D61A29C5C2}.Release|Any CPU.Build.0 = Release|Any CPU
		{5BEEB9A8-3455-46E7-9D84-29CC65C5D49A}.Debug|Any CPU.ActiveCfg = Debug|Any CPU
		{5BEEB9A8-3455-46E7-9D84-29CC65C5D49A}.Debug|Any CPU.Build.0 = Debug|Any CPU
		{5BEEB9A8-3455-46E7-9D84-29CC65C5D49A}.Release|Any CPU.ActiveCfg = Release|Any CPU
		{5BEEB9A8-3455-46E7-9D84-29CC65C5D49A}.Release|Any CPU.Build.0 = Release|Any CPU
		{1B82471A-950E-4BB1-8023-5ECCC081027C}.Debug|Any CPU.ActiveCfg = Debug|Any CPU
		{1B82471A-950E-4BB1-8023-5ECCC081027C}.Debug|Any CPU.Build.0 = Debug|Any CPU
		{1B82471A-950E-4BB1-8023-5ECCC081027C}.Release|Any CPU.ActiveCfg = Release|Any CPU
		{1B82471A-950E-4BB1-8023-5ECCC081027C}.Release|Any CPU.Build.0 = Release|Any CPU
		{F3AF4D0A-2320-421E-9317-F93699FADF43}.Debug|Any CPU.ActiveCfg = Debug|Any CPU
		{F3AF4D0A-2320-421E-9317-F93699FADF43}.Debug|Any CPU.Build.0 = Debug|Any CPU
		{F3AF4D0A-2320-421E-9317-F93699FADF43}.Release|Any CPU.ActiveCfg = Release|Any CPU
		{F3AF4D0A-2320-421E-9317-F93699FADF43}.Release|Any CPU.Build.0 = Release|Any CPU
		{A1CADBF1-20D4-49D1-9CDD-21CDD9AF145E}.Debug|Any CPU.ActiveCfg = Debug|Any CPU
		{A1CADBF1-20D4-49D1-9CDD-21CDD9AF145E}.Debug|Any CPU.Build.0 = Debug|Any CPU
		{A1CADBF1-20D4-49D1-9CDD-21CDD9AF145E}.Release|Any CPU.ActiveCfg = Release|Any CPU
		{A1CADBF1-20D4-49D1-9CDD-21CDD9AF145E}.Release|Any CPU.Build.0 = Release|Any CPU
	EndGlobalSection
	GlobalSection(SolutionProperties) = preSolution
		HideSolutionNode = FALSE
	EndGlobalSection
	GlobalSection(NestedProjects) = preSolution
		{15483D38-8DC9-444D-B1DE-2DCE4EEE9214} = {0DB3B89E-ACFF-478F-A1A8-A2B6938F4429}
		{A832DB7C-C825-4704-AE3F-542B803D764F} = {B79CCC28-E449-4C5E-B102-AC22BC75C01D}
		{F6AE0ACE-7426-452C-A673-E3789315DE0C} = {E74F527E-F767-46AA-B834-F044E31CDBD2}
		{BA57DCA2-16C4-4AAA-BEA4-D9497AEB303B} = {BCAA0F22-AF18-46D8-A9FD-317AD44E1E9B}
		{F9CE66F7-6239-4220-B67D-F1B21DE0BC65} = {BA57DCA2-16C4-4AAA-BEA4-D9497AEB303B}
		{124F1FCE-2D37-4660-8784-1958724BDD58} = {BA57DCA2-16C4-4AAA-BEA4-D9497AEB303B}
		{8BC6046B-5EA6-4D92-B794-07871AA7C152} = {BA57DCA2-16C4-4AAA-BEA4-D9497AEB303B}
		{552729F9-DE72-477E-9650-2F940EA6B001} = {BA57DCA2-16C4-4AAA-BEA4-D9497AEB303B}
		{67562025-C1A0-4B76-A4E3-D59A06F63FE6} = {F9CE66F7-6239-4220-B67D-F1B21DE0BC65}
		{72F66126-7A03-4E8D-B0DF-8622846AAD80} = {8BC6046B-5EA6-4D92-B794-07871AA7C152}
		{0FF3CBC9-A7BE-4FB6-9FCF-C725A4A41E14} = {552729F9-DE72-477E-9650-2F940EA6B001}
		{755C7EAE-C20C-4FBB-BD61-C5D61A29C5C2} = {124F1FCE-2D37-4660-8784-1958724BDD58}
		{09A3EA4D-8E67-4CF9-ABF4-F38D2ABADD77} = {BA57DCA2-16C4-4AAA-BEA4-D9497AEB303B}
		{216DB45A-DD2E-412E-B076-EBEA2C43A5B5} = {09A3EA4D-8E67-4CF9-ABF4-F38D2ABADD77}
		{7E1DE104-E9F1-44C6-857F-3C9AF7EBFCCC} = {09A3EA4D-8E67-4CF9-ABF4-F38D2ABADD77}
		{F862A2E0-BB9D-4B29-9B27-6E54506686F0} = {09A3EA4D-8E67-4CF9-ABF4-F38D2ABADD77}
		{61C5B26A-47A9-4128-BEE1-61CABB6E968C} = {09A3EA4D-8E67-4CF9-ABF4-F38D2ABADD77}
		{5BEEB9A8-3455-46E7-9D84-29CC65C5D49A} = {216DB45A-DD2E-412E-B076-EBEA2C43A5B5}
		{1B82471A-950E-4BB1-8023-5ECCC081027C} = {7E1DE104-E9F1-44C6-857F-3C9AF7EBFCCC}
		{F3AF4D0A-2320-421E-9317-F93699FADF43} = {61C5B26A-47A9-4128-BEE1-61CABB6E968C}
		{A1CADBF1-20D4-49D1-9CDD-21CDD9AF145E} = {F862A2E0-BB9D-4B29-9B27-6E54506686F0}
	EndGlobalSection
	GlobalSection(ExtensibilityGlobals) = postSolution
		SolutionGuid = {0C35989F-7CE2-4317-8CF2-62CE378EEC0B}
	EndGlobalSection
EndGlobal
